
Microsoft Visual Studio Solution File, Format Version 12.00
# Visual Studio Version 17
VisualStudioVersion = 17.11.35312.102
MinimumVisualStudioVersion = 10.0.40219.1
Project("{FAE04EC0-301F-11D3-BF4B-00C04F79EFBC}") = "Gazi.HelloWorldAppSube2", "Gazi.HelloWorldAppSube2\Gazi.HelloWorldAppSube2.csproj", "{40DE42F1-040D-46A9-88DD-96C1E174ADED}"
EndProject
Project("{FAE04EC0-301F-11D3-BF4B-00C04F79EFBC}") = "Gazi.DongulerAppSube2", "Gazi.DongulerAppSube2\Gazi.DongulerAppSube2.csproj", "{FA5AF663-A5F4-4715-B3DA-04A4EA0F52C3}"
EndProject
Global
	GlobalSection(SolutionConfigurationPlatforms) = preSolution
		Debug|Any CPU = Debug|Any CPU
		Release|Any CPU = Release|Any CPU
	EndGlobalSection
	GlobalSection(ProjectConfigurationPlatforms) = postSolution
		{40DE42F1-040D-46A9-88DD-96C1E174ADED}.Debug|Any CPU.ActiveCfg = Debug|Any CPU
		{40DE42F1-040D-46A9-88DD-96C1E174ADED}.Debug|Any CPU.Build.0 = Debug|Any CPU
		{40DE42F1-040D-46A9-88DD-96C1E174ADED}.Release|Any CPU.ActiveCfg = Release|Any CPU
		{40DE42F1-040D-46A9-88DD-96C1E174ADED}.Release|Any CPU.Build.0 = Release|Any CPU
		{FA5AF663-A5F4-4715-B3DA-04A4EA0F52C3}.Debug|Any CPU.ActiveCfg = Debug|Any CPU
		{FA5AF663-A5F4-4715-B3DA-04A4EA0F52C3}.Debug|Any CPU.Build.0 = Debug|Any CPU
		{FA5AF663-A5F4-4715-B3DA-04A4EA0F52C3}.Release|Any CPU.ActiveCfg = Release|Any CPU
		{FA5AF663-A5F4-4715-B3DA-04A4EA0F52C3}.Release|Any CPU.Build.0 = Release|Any CPU
	EndGlobalSection
	GlobalSection(SolutionProperties) = preSolution
		HideSolutionNode = FALSE
	EndGlobalSection
	GlobalSection(ExtensibilityGlobals) = postSolution
		SolutionGuid = {9C774127-F3F4-4023-8FA4-8CEFEF47A7F4}
	EndGlobalSection
EndGlobal
